
Microsoft Visual Studio Solution File, Format Version 12.00
# Visual Studio 15
VisualStudioVersion = 15.0.28307.421
MinimumVisualStudioVersion = 10.0.40219.1
Project("{FAE04EC0-301F-11D3-BF4B-00C04F79EFBC}") = "Butov_1st", "Butov_1st\Butov_1st.csproj", "{374E7657-50CD-4DEF-AB6D-8A87BA475AE8}"
EndProject
Project("{FAE04EC0-301F-11D3-BF4B-00C04F79EFBC}") = "Butov_ClassLibrary", "Butov_ClassLibrary\Butov_ClassLibrary.csproj", "{D3D66AC0-BE93-4A44-9DE2-B492E6914E28}"
EndProject
Global
	GlobalSection(SolutionConfigurationPlatforms) = preSolution
		Debug|Any CPU = Debug|Any CPU
		Release|Any CPU = Release|Any CPU
	EndGlobalSection
	GlobalSection(ProjectConfigurationPlatforms) = postSolution
		{374E7657-50CD-4DEF-AB6D-8A87BA475AE8}.Debug|Any CPU.ActiveCfg = Debug|Any CPU
		{374E7657-50CD-4DEF-AB6D-8A87BA475AE8}.Debug|Any CPU.Build.0 = Debug|Any CPU
		{374E7657-50CD-4DEF-AB6D-8A87BA475AE8}.Release|Any CPU.ActiveCfg = Release|Any CPU
		{374E7657-50CD-4DEF-AB6D-8A87BA475AE8}.Release|Any CPU.Build.0 = Release|Any CPU
		{D3D66AC0-BE93-4A44-9DE2-B492E6914E28}.Debug|Any CPU.ActiveCfg = Debug|Any CPU
		{D3D66AC0-BE93-4A44-9DE2-B492E6914E28}.Debug|Any CPU.Build.0 = Debug|Any CPU
		{D3D66AC0-BE93-4A44-9DE2-B492E6914E28}.Release|Any CPU.ActiveCfg = Release|Any CPU
		{D3D66AC0-BE93-4A44-9DE2-B492E6914E28}.Release|Any CPU.Build.0 = Release|Any CPU
	EndGlobalSection
	GlobalSection(SolutionProperties) = preSolution
		HideSolutionNode = FALSE
	EndGlobalSection
	GlobalSection(ExtensibilityGlobals) = postSolution
		SolutionGuid = {E9E7AF64-1F1E-4143-B4D6-A0A1858673CD}
	EndGlobalSection
EndGlobal
