
Microsoft Visual Studio Solution File, Format Version 12.00
# Visual Studio 15
VisualStudioVersion = 15.0.28307.572
MinimumVisualStudioVersion = 10.0.40219.1
Project("{FAE04EC0-301F-11D3-BF4B-00C04F79EFBC}") = "Butov_7", "Butov_7\Butov_7.csproj", "{F5B655F9-AD48-4BF1-B7E1-3637E1295D1F}"
EndProject
Project("{FAE04EC0-301F-11D3-BF4B-00C04F79EFBC}") = "CarNumberRUS", "CarNumberRUS\CarNumberRUS.csproj", "{79FF6DF2-6969-49C3-9658-0D9D51571694}"
EndProject
Global
	GlobalSection(SolutionConfigurationPlatforms) = preSolution
		Debug|Any CPU = Debug|Any CPU
		Release|Any CPU = Release|Any CPU
	EndGlobalSection
	GlobalSection(ProjectConfigurationPlatforms) = postSolution
		{F5B655F9-AD48-4BF1-B7E1-3637E1295D1F}.Debug|Any CPU.ActiveCfg = Debug|Any CPU
		{F5B655F9-AD48-4BF1-B7E1-3637E1295D1F}.Debug|Any CPU.Build.0 = Debug|Any CPU
		{F5B655F9-AD48-4BF1-B7E1-3637E1295D1F}.Release|Any CPU.ActiveCfg = Release|Any CPU
		{F5B655F9-AD48-4BF1-B7E1-3637E1295D1F}.Release|Any CPU.Build.0 = Release|Any CPU
		{79FF6DF2-6969-49C3-9658-0D9D51571694}.Debug|Any CPU.ActiveCfg = Debug|Any CPU
		{79FF6DF2-6969-49C3-9658-0D9D51571694}.Debug|Any CPU.Build.0 = Debug|Any CPU
		{79FF6DF2-6969-49C3-9658-0D9D51571694}.Release|Any CPU.ActiveCfg = Release|Any CPU
		{79FF6DF2-6969-49C3-9658-0D9D51571694}.Release|Any CPU.Build.0 = Release|Any CPU
	EndGlobalSection
	GlobalSection(SolutionProperties) = preSolution
		HideSolutionNode = FALSE
	EndGlobalSection
	GlobalSection(ExtensibilityGlobals) = postSolution
		SolutionGuid = {D21C9B1A-EC05-42B8-BE6C-308C7EE31CEE}
	EndGlobalSection
EndGlobal
