
Microsoft Visual Studio Solution File, Format Version 12.00
# Visual Studio 15
VisualStudioVersion = 15.0.28307.572
MinimumVisualStudioVersion = 10.0.40219.1
Project("{FAE04EC0-301F-11D3-BF4B-00C04F79EFBC}") = "Butov_3", "Butov_3\Butov_3.csproj", "{B8F44EDE-049A-43AF-95AC-F19A4D9232BB}"
EndProject
Global
	GlobalSection(SolutionConfigurationPlatforms) = preSolution
		Debug|Any CPU = Debug|Any CPU
		Release|Any CPU = Release|Any CPU
	EndGlobalSection
	GlobalSection(ProjectConfigurationPlatforms) = postSolution
		{B8F44EDE-049A-43AF-95AC-F19A4D9232BB}.Debug|Any CPU.ActiveCfg = Debug|Any CPU
		{B8F44EDE-049A-43AF-95AC-F19A4D9232BB}.Debug|Any CPU.Build.0 = Debug|Any CPU
		{B8F44EDE-049A-43AF-95AC-F19A4D9232BB}.Release|Any CPU.ActiveCfg = Release|Any CPU
		{B8F44EDE-049A-43AF-95AC-F19A4D9232BB}.Release|Any CPU.Build.0 = Release|Any CPU
	EndGlobalSection
	GlobalSection(SolutionProperties) = preSolution
		HideSolutionNode = FALSE
	EndGlobalSection
	GlobalSection(ExtensibilityGlobals) = postSolution
		SolutionGuid = {7E1213BB-361A-42CC-845E-191E8894DE20}
	EndGlobalSection
EndGlobal
